// !$*UTF8*$!
{
	archiveVersion = 1;
	classes = {
	};
	objectVersion = 50;
	objects = {

/* Begin PBXBuildFile section */
		603899FE243CBE1300193BC4 /* StartScreen.swift in Sources */ = {isa = PBXBuildFile; fileRef = 603899FD243CBE1300193BC4 /* StartScreen.swift */; };
		60389A02243CC37B00193BC4 /* Particles.swift in Sources */ = {isa = PBXBuildFile; fileRef = 60389A01243CC37B00193BC4 /* Particles.swift */; };
		C23B35A6243737B4000A8313 /* SubmitButton.swift in Sources */ = {isa = PBXBuildFile; fileRef = C23B35A5243737B4000A8313 /* SubmitButton.swift */; };
		C23B35A8243737D3000A8313 /* LogoOnStartScreen.swift in Sources */ = {isa = PBXBuildFile; fileRef = C23B35A7243737D3000A8313 /* LogoOnStartScreen.swift */; };
		C23B35AA243737E2000A8313 /* LoginScreen.swift in Sources */ = {isa = PBXBuildFile; fileRef = C23B35A9243737E2000A8313 /* LoginScreen.swift */; };
		C23B35C6243B8B52000A8313 /* Files.swift in Sources */ = {isa = PBXBuildFile; fileRef = C23B35C2243B8B52000A8313 /* Files.swift */; };
		C23B35C9243D23A3000A8313 /* NavigationButtons.swift in Sources */ = {isa = PBXBuildFile; fileRef = C23B35C8243D23A3000A8313 /* NavigationButtons.swift */; };
		C2EE1E4C2434C33D0062A944 /* AppDelegate.swift in Sources */ = {isa = PBXBuildFile; fileRef = C2EE1E4B2434C33D0062A944 /* AppDelegate.swift */; };
		C2EE1E4E2434C33D0062A944 /* SceneDelegate.swift in Sources */ = {isa = PBXBuildFile; fileRef = C2EE1E4D2434C33D0062A944 /* SceneDelegate.swift */; };
		C2EE1E502434C33D0062A944 /* HomeView.swift in Sources */ = {isa = PBXBuildFile; fileRef = C2EE1E4F2434C33D0062A944 /* HomeView.swift */; };
		C2EE1E522434C33F0062A944 /* Assets.xcassets in Resources */ = {isa = PBXBuildFile; fileRef = C2EE1E512434C33F0062A944 /* Assets.xcassets */; };
		C2EE1E552434C33F0062A944 /* Preview Assets.xcassets in Resources */ = {isa = PBXBuildFile; fileRef = C2EE1E542434C33F0062A944 /* Preview Assets.xcassets */; };
		C2EE1E582434C33F0062A944 /* LaunchScreen.storyboard in Resources */ = {isa = PBXBuildFile; fileRef = C2EE1E562434C33F0062A944 /* LaunchScreen.storyboard */; };
		C2EE1E632434C33F0062A944 /* unique_appTests.swift in Sources */ = {isa = PBXBuildFile; fileRef = C2EE1E622434C33F0062A944 /* unique_appTests.swift */; };
		C2EE1E6E2434C33F0062A944 /* unique_appUITests.swift in Sources */ = {isa = PBXBuildFile; fileRef = C2EE1E6D2434C33F0062A944 /* unique_appUITests.swift */; };
		C2EE1E7E24350F230062A944 /* BottomControls.swift in Sources */ = {isa = PBXBuildFile; fileRef = C2EE1E7D24350F230062A944 /* BottomControls.swift */; };
		C2EE1E8024351C610062A944 /* MenuIcon.swift in Sources */ = {isa = PBXBuildFile; fileRef = C2EE1E7F24351C610062A944 /* MenuIcon.swift */; };
		C2EE1E8224351C790062A944 /* QRCode.swift in Sources */ = {isa = PBXBuildFile; fileRef = C2EE1E8124351C790062A944 /* QRCode.swift */; };
		C2EE1E8824351E030062A944 /* NameId.swift in Sources */ = {isa = PBXBuildFile; fileRef = C2EE1E8724351E030062A944 /* NameId.swift */; };
/* End PBXBuildFile section */

/* Begin PBXContainerItemProxy section */
		C2EE1E5F2434C33F0062A944 /* PBXContainerItemProxy */ = {
			isa = PBXContainerItemProxy;
			containerPortal = C2EE1E402434C33D0062A944 /* Project object */;
			proxyType = 1;
			remoteGlobalIDString = C2EE1E472434C33D0062A944;
			remoteInfo = unique_app;
		};
		C2EE1E6A2434C33F0062A944 /* PBXContainerItemProxy */ = {
			isa = PBXContainerItemProxy;
			containerPortal = C2EE1E402434C33D0062A944 /* Project object */;
			proxyType = 1;
			remoteGlobalIDString = C2EE1E472434C33D0062A944;
			remoteInfo = unique_app;
		};
/* End PBXContainerItemProxy section */

/* Begin PBXFileReference section */
		603899FD243CBE1300193BC4 /* StartScreen.swift */ = {isa = PBXFileReference; lastKnownFileType = sourcecode.swift; path = StartScreen.swift; sourceTree = "<group>"; };
		60389A01243CC37B00193BC4 /* Particles.swift */ = {isa = PBXFileReference; lastKnownFileType = sourcecode.swift; path = Particles.swift; sourceTree = "<group>"; };
		C23B35A5243737B4000A8313 /* SubmitButton.swift */ = {isa = PBXFileReference; lastKnownFileType = sourcecode.swift; path = SubmitButton.swift; sourceTree = "<group>"; };
		C23B35A7243737D3000A8313 /* LogoOnStartScreen.swift */ = {isa = PBXFileReference; lastKnownFileType = sourcecode.swift; path = LogoOnStartScreen.swift; sourceTree = "<group>"; };
		C23B35A9243737E2000A8313 /* LoginScreen.swift */ = {isa = PBXFileReference; lastKnownFileType = sourcecode.swift; path = LoginScreen.swift; sourceTree = "<group>"; tabWidth = 4; };
		C23B35C2243B8B52000A8313 /* Files.swift */ = {isa = PBXFileReference; fileEncoding = 4; lastKnownFileType = sourcecode.swift; path = Files.swift; sourceTree = "<group>"; };
		C23B35C8243D23A3000A8313 /* NavigationButtons.swift */ = {isa = PBXFileReference; lastKnownFileType = sourcecode.swift; path = NavigationButtons.swift; sourceTree = "<group>"; };
		C2EE1E482434C33D0062A944 /* unique_app.app */ = {isa = PBXFileReference; explicitFileType = wrapper.application; includeInIndex = 0; path = unique_app.app; sourceTree = BUILT_PRODUCTS_DIR; };
		C2EE1E4B2434C33D0062A944 /* AppDelegate.swift */ = {isa = PBXFileReference; lastKnownFileType = sourcecode.swift; path = AppDelegate.swift; sourceTree = "<group>"; };
		C2EE1E4D2434C33D0062A944 /* SceneDelegate.swift */ = {isa = PBXFileReference; lastKnownFileType = sourcecode.swift; path = SceneDelegate.swift; sourceTree = "<group>"; };
		C2EE1E4F2434C33D0062A944 /* HomeView.swift */ = {isa = PBXFileReference; lastKnownFileType = sourcecode.swift; path = HomeView.swift; sourceTree = "<group>"; };
		C2EE1E512434C33F0062A944 /* Assets.xcassets */ = {isa = PBXFileReference; lastKnownFileType = folder.assetcatalog; path = Assets.xcassets; sourceTree = "<group>"; };
		C2EE1E542434C33F0062A944 /* Preview Assets.xcassets */ = {isa = PBXFileReference; lastKnownFileType = folder.assetcatalog; path = "Preview Assets.xcassets"; sourceTree = "<group>"; };
		C2EE1E572434C33F0062A944 /* Base */ = {isa = PBXFileReference; lastKnownFileType = file.storyboard; name = Base; path = Base.lproj/LaunchScreen.storyboard; sourceTree = "<group>"; };
		C2EE1E592434C33F0062A944 /* Info.plist */ = {isa = PBXFileReference; lastKnownFileType = text.plist.xml; path = Info.plist; sourceTree = "<group>"; };
		C2EE1E5E2434C33F0062A944 /* unique_appTests.xctest */ = {isa = PBXFileReference; explicitFileType = wrapper.cfbundle; includeInIndex = 0; path = unique_appTests.xctest; sourceTree = BUILT_PRODUCTS_DIR; };
		C2EE1E622434C33F0062A944 /* unique_appTests.swift */ = {isa = PBXFileReference; lastKnownFileType = sourcecode.swift; path = unique_appTests.swift; sourceTree = "<group>"; };
		C2EE1E642434C33F0062A944 /* Info.plist */ = {isa = PBXFileReference; lastKnownFileType = text.plist.xml; path = Info.plist; sourceTree = "<group>"; };
		C2EE1E692434C33F0062A944 /* unique_appUITests.xctest */ = {isa = PBXFileReference; explicitFileType = wrapper.cfbundle; includeInIndex = 0; path = unique_appUITests.xctest; sourceTree = BUILT_PRODUCTS_DIR; };
		C2EE1E6D2434C33F0062A944 /* unique_appUITests.swift */ = {isa = PBXFileReference; lastKnownFileType = sourcecode.swift; path = unique_appUITests.swift; sourceTree = "<group>"; };
		C2EE1E6F2434C33F0062A944 /* Info.plist */ = {isa = PBXFileReference; lastKnownFileType = text.plist.xml; path = Info.plist; sourceTree = "<group>"; };
		C2EE1E7D24350F230062A944 /* BottomControls.swift */ = {isa = PBXFileReference; lastKnownFileType = sourcecode.swift; path = BottomControls.swift; sourceTree = "<group>"; };
		C2EE1E7F24351C610062A944 /* MenuIcon.swift */ = {isa = PBXFileReference; lastKnownFileType = sourcecode.swift; path = MenuIcon.swift; sourceTree = "<group>"; };
		C2EE1E8124351C790062A944 /* QRCode.swift */ = {isa = PBXFileReference; lastKnownFileType = sourcecode.swift; path = QRCode.swift; sourceTree = "<group>"; };
		C2EE1E8724351E030062A944 /* NameId.swift */ = {isa = PBXFileReference; lastKnownFileType = sourcecode.swift; path = NameId.swift; sourceTree = "<group>"; };
/* End PBXFileReference section */

/* Begin PBXFrameworksBuildPhase section */
		C2EE1E452434C33D0062A944 /* Frameworks */ = {
			isa = PBXFrameworksBuildPhase;
			buildActionMask = 2147483647;
			files = (
			);
			runOnlyForDeploymentPostprocessing = 0;
		};
		C2EE1E5B2434C33F0062A944 /* Frameworks */ = {
			isa = PBXFrameworksBuildPhase;
			buildActionMask = 2147483647;
			files = (
			);
			runOnlyForDeploymentPostprocessing = 0;
		};
		C2EE1E662434C33F0062A944 /* Frameworks */ = {
			isa = PBXFrameworksBuildPhase;
			buildActionMask = 2147483647;
			files = (
			);
			runOnlyForDeploymentPostprocessing = 0;
		};
/* End PBXFrameworksBuildPhase section */

/* Begin PBXGroup section */
		C2EE1E3F2434C33D0062A944 = {
			isa = PBXGroup;
			children = (
				C2EE1E4A2434C33D0062A944 /* unique_app */,
				C2EE1E612434C33F0062A944 /* unique_appTests */,
				C2EE1E6C2434C33F0062A944 /* unique_appUITests */,
				C2EE1E492434C33D0062A944 /* Products */,
			);
			sourceTree = "<group>";
		};
		C2EE1E492434C33D0062A944 /* Products */ = {
			isa = PBXGroup;
			children = (
				C2EE1E482434C33D0062A944 /* unique_app.app */,
				C2EE1E5E2434C33F0062A944 /* unique_appTests.xctest */,
				C2EE1E692434C33F0062A944 /* unique_appUITests.xctest */,
			);
			name = Products;
			sourceTree = "<group>";
		};
		C2EE1E4A2434C33D0062A944 /* unique_app */ = {
			isa = PBXGroup;
			children = (
				C2EE1E7D24350F230062A944 /* BottomControls.swift */,
				C2EE1E7F24351C610062A944 /* MenuIcon.swift */,
				C2EE1E8124351C790062A944 /* QRCode.swift */,
				C2EE1E8724351E030062A944 /* NameId.swift */,
				C2EE1E4B2434C33D0062A944 /* AppDelegate.swift */,
				C2EE1E4D2434C33D0062A944 /* SceneDelegate.swift */,
				C2EE1E4F2434C33D0062A944 /* HomeView.swift */,
				C23B35C8243D23A3000A8313 /* NavigationButtons.swift */,
				C2EE1E512434C33F0062A944 /* Assets.xcassets */,
				C23B35A5243737B4000A8313 /* SubmitButton.swift */,
				C23B35A7243737D3000A8313 /* LogoOnStartScreen.swift */,
				C23B35A9243737E2000A8313 /* LoginScreen.swift */,
				C2EE1E562434C33F0062A944 /* LaunchScreen.storyboard */,
				C23B35C2243B8B52000A8313 /* Files.swift */,
				603899FD243CBE1300193BC4 /* StartScreen.swift */,
				60389A01243CC37B00193BC4 /* Particles.swift */,
				C2EE1E592434C33F0062A944 /* Info.plist */,
				C2EE1E532434C33F0062A944 /* Preview Content */,
			);
			path = unique_app;
			sourceTree = "<group>";
		};
		C2EE1E532434C33F0062A944 /* Preview Content */ = {
			isa = PBXGroup;
			children = (
				C2EE1E542434C33F0062A944 /* Preview Assets.xcassets */,
			);
			path = "Preview Content";
			sourceTree = "<group>";
		};
		C2EE1E612434C33F0062A944 /* unique_appTests */ = {
			isa = PBXGroup;
			children = (
				C2EE1E622434C33F0062A944 /* unique_appTests.swift */,
				C2EE1E642434C33F0062A944 /* Info.plist */,
			);
			path = unique_appTests;
			sourceTree = "<group>";
		};
		C2EE1E6C2434C33F0062A944 /* unique_appUITests */ = {
			isa = PBXGroup;
			children = (
				C2EE1E6D2434C33F0062A944 /* unique_appUITests.swift */,
				C2EE1E6F2434C33F0062A944 /* Info.plist */,
			);
			path = unique_appUITests;
			sourceTree = "<group>";
		};
/* End PBXGroup section */

/* Begin PBXNativeTarget section */
		C2EE1E472434C33D0062A944 /* unique_app */ = {
			isa = PBXNativeTarget;
			buildConfigurationList = C2EE1E722434C33F0062A944 /* Build configuration list for PBXNativeTarget "unique_app" */;
			buildPhases = (
				C2EE1E442434C33D0062A944 /* Sources */,
				C2EE1E452434C33D0062A944 /* Frameworks */,
				C2EE1E462434C33D0062A944 /* Resources */,
			);
			buildRules = (
			);
			dependencies = (
			);
			name = unique_app;
			productName = unique_app;
			productReference = C2EE1E482434C33D0062A944 /* unique_app.app */;
			productType = "com.apple.product-type.application";
		};
		C2EE1E5D2434C33F0062A944 /* unique_appTests */ = {
			isa = PBXNativeTarget;
			buildConfigurationList = C2EE1E752434C33F0062A944 /* Build configuration list for PBXNativeTarget "unique_appTests" */;
			buildPhases = (
				C2EE1E5A2434C33F0062A944 /* Sources */,
				C2EE1E5B2434C33F0062A944 /* Frameworks */,
				C2EE1E5C2434C33F0062A944 /* Resources */,
			);
			buildRules = (
			);
			dependencies = (
				C2EE1E602434C33F0062A944 /* PBXTargetDependency */,
			);
			name = unique_appTests;
			productName = unique_appTests;
			productReference = C2EE1E5E2434C33F0062A944 /* unique_appTests.xctest */;
			productType = "com.apple.product-type.bundle.unit-test";
		};
		C2EE1E682434C33F0062A944 /* unique_appUITests */ = {
			isa = PBXNativeTarget;
			buildConfigurationList = C2EE1E782434C33F0062A944 /* Build configuration list for PBXNativeTarget "unique_appUITests" */;
			buildPhases = (
				C2EE1E652434C33F0062A944 /* Sources */,
				C2EE1E662434C33F0062A944 /* Frameworks */,
				C2EE1E672434C33F0062A944 /* Resources */,
			);
			buildRules = (
			);
			dependencies = (
				C2EE1E6B2434C33F0062A944 /* PBXTargetDependency */,
			);
			name = unique_appUITests;
			productName = unique_appUITests;
			productReference = C2EE1E692434C33F0062A944 /* unique_appUITests.xctest */;
			productType = "com.apple.product-type.bundle.ui-testing";
		};
/* End PBXNativeTarget section */

/* Begin PBXProject section */
		C2EE1E402434C33D0062A944 /* Project object */ = {
			isa = PBXProject;
			attributes = {
				LastSwiftUpdateCheck = 1140;
				LastUpgradeCheck = 1140;
				ORGANIZATIONNAME = Validata;
				TargetAttributes = {
					C2EE1E472434C33D0062A944 = {
						CreatedOnToolsVersion = 11.4;
					};
					C2EE1E5D2434C33F0062A944 = {
						CreatedOnToolsVersion = 11.4;
						TestTargetID = C2EE1E472434C33D0062A944;
					};
					C2EE1E682434C33F0062A944 = {
						CreatedOnToolsVersion = 11.4;
						TestTargetID = C2EE1E472434C33D0062A944;
					};
				};
			};
			buildConfigurationList = C2EE1E432434C33D0062A944 /* Build configuration list for PBXProject "unique_app" */;
			compatibilityVersion = "Xcode 9.3";
			developmentRegion = en;
			hasScannedForEncodings = 0;
			knownRegions = (
				en,
				Base,
			);
			mainGroup = C2EE1E3F2434C33D0062A944;
			productRefGroup = C2EE1E492434C33D0062A944 /* Products */;
			projectDirPath = "";
			projectRoot = "";
			targets = (
				C2EE1E472434C33D0062A944 /* unique_app */,
				C2EE1E5D2434C33F0062A944 /* unique_appTests */,
				C2EE1E682434C33F0062A944 /* unique_appUITests */,
			);
		};
/* End PBXProject section */

/* Begin PBXResourcesBuildPhase section */
		C2EE1E462434C33D0062A944 /* Resources */ = {
			isa = PBXResourcesBuildPhase;
			buildActionMask = 2147483647;
			files = (
				C2EE1E582434C33F0062A944 /* LaunchScreen.storyboard in Resources */,
				C2EE1E552434C33F0062A944 /* Preview Assets.xcassets in Resources */,
				C2EE1E522434C33F0062A944 /* Assets.xcassets in Resources */,
			);
			runOnlyForDeploymentPostprocessing = 0;
		};
		C2EE1E5C2434C33F0062A944 /* Resources */ = {
			isa = PBXResourcesBuildPhase;
			buildActionMask = 2147483647;
			files = (
			);
			runOnlyForDeploymentPostprocessing = 0;
		};
		C2EE1E672434C33F0062A944 /* Resources */ = {
			isa = PBXResourcesBuildPhase;
			buildActionMask = 2147483647;
			files = (
			);
			runOnlyForDeploymentPostprocessing = 0;
		};
/* End PBXResourcesBuildPhase section */

/* Begin PBXSourcesBuildPhase section */
		C2EE1E442434C33D0062A944 /* Sources */ = {
			isa = PBXSourcesBuildPhase;
			buildActionMask = 2147483647;
			files = (
				60389A02243CC37B00193BC4 /* Particles.swift in Sources */,
				C2EE1E8024351C610062A944 /* MenuIcon.swift in Sources */,
				C23B35C6243B8B52000A8313 /* Files.swift in Sources */,
				C23B35C9243D23A3000A8313 /* NavigationButtons.swift in Sources */,
				C2EE1E7E24350F230062A944 /* BottomControls.swift in Sources */,
				C2EE1E4C2434C33D0062A944 /* AppDelegate.swift in Sources */,
				603899FE243CBE1300193BC4 /* StartScreen.swift in Sources */,
				C23B35A8243737D3000A8313 /* LogoOnStartScreen.swift in Sources */,
				C23B35AA243737E2000A8313 /* LoginScreen.swift in Sources */,
				C2EE1E4E2434C33D0062A944 /* SceneDelegate.swift in Sources */,
				C2EE1E8824351E030062A944 /* NameId.swift in Sources */,
				C2EE1E502434C33D0062A944 /* HomeView.swift in Sources */,
				C2EE1E8224351C790062A944 /* QRCode.swift in Sources */,
				C23B35A6243737B4000A8313 /* SubmitButton.swift in Sources */,
			);
			runOnlyForDeploymentPostprocessing = 0;
		};
		C2EE1E5A2434C33F0062A944 /* Sources */ = {
			isa = PBXSourcesBuildPhase;
			buildActionMask = 2147483647;
			files = (
				C2EE1E632434C33F0062A944 /* unique_appTests.swift in Sources */,
			);
			runOnlyForDeploymentPostprocessing = 0;
		};
		C2EE1E652434C33F0062A944 /* Sources */ = {
			isa = PBXSourcesBuildPhase;
			buildActionMask = 2147483647;
			files = (
				C2EE1E6E2434C33F0062A944 /* unique_appUITests.swift in Sources */,
			);
			runOnlyForDeploymentPostprocessing = 0;
		};
/* End PBXSourcesBuildPhase section */

/* Begin PBXTargetDependency section */
		C2EE1E602434C33F0062A944 /* PBXTargetDependency */ = {
			isa = PBXTargetDependency;
			target = C2EE1E472434C33D0062A944 /* unique_app */;
			targetProxy = C2EE1E5F2434C33F0062A944 /* PBXContainerItemProxy */;
		};
		C2EE1E6B2434C33F0062A944 /* PBXTargetDependency */ = {
			isa = PBXTargetDependency;
			target = C2EE1E472434C33D0062A944 /* unique_app */;
			targetProxy = C2EE1E6A2434C33F0062A944 /* PBXContainerItemProxy */;
		};
/* End PBXTargetDependency section */

/* Begin PBXVariantGroup section */
		C2EE1E562434C33F0062A944 /* LaunchScreen.storyboard */ = {
			isa = PBXVariantGroup;
			children = (
				C2EE1E572434C33F0062A944 /* Base */,
			);
			name = LaunchScreen.storyboard;
			sourceTree = "<group>";
		};
/* End PBXVariantGroup section */

/* Begin XCBuildConfiguration section */
		C2EE1E702434C33F0062A944 /* Debug */ = {
			isa = XCBuildConfiguration;
			buildSettings = {
				ALWAYS_SEARCH_USER_PATHS = NO;
				CLANG_ANALYZER_NONNULL = YES;
				CLANG_ANALYZER_NUMBER_OBJECT_CONVERSION = YES_AGGRESSIVE;
				CLANG_CXX_LANGUAGE_STANDARD = "gnu++14";
				CLANG_CXX_LIBRARY = "libc++";
				CLANG_ENABLE_MODULES = YES;
				CLANG_ENABLE_OBJC_ARC = YES;
				CLANG_ENABLE_OBJC_WEAK = YES;
				CLANG_WARN_BLOCK_CAPTURE_AUTORELEASING = YES;
				CLANG_WARN_BOOL_CONVERSION = YES;
				CLANG_WARN_COMMA = YES;
				CLANG_WARN_CONSTANT_CONVERSION = YES;
				CLANG_WARN_DEPRECATED_OBJC_IMPLEMENTATIONS = YES;
				CLANG_WARN_DIRECT_OBJC_ISA_USAGE = YES_ERROR;
				CLANG_WARN_DOCUMENTATION_COMMENTS = YES;
				CLANG_WARN_EMPTY_BODY = YES;
				CLANG_WARN_ENUM_CONVERSION = YES;
				CLANG_WARN_INFINITE_RECURSION = YES;
				CLANG_WARN_INT_CONVERSION = YES;
				CLANG_WARN_NON_LITERAL_NULL_CONVERSION = YES;
				CLANG_WARN_OBJC_IMPLICIT_RETAIN_SELF = YES;
				CLANG_WARN_OBJC_LITERAL_CONVERSION = YES;
				CLANG_WARN_OBJC_ROOT_CLASS = YES_ERROR;
				CLANG_WARN_RANGE_LOOP_ANALYSIS = YES;
				CLANG_WARN_STRICT_PROTOTYPES = YES;
				CLANG_WARN_SUSPICIOUS_MOVE = YES;
				CLANG_WARN_UNGUARDED_AVAILABILITY = YES_AGGRESSIVE;
				CLANG_WARN_UNREACHABLE_CODE = YES;
				CLANG_WARN__DUPLICATE_METHOD_MATCH = YES;
				COPY_PHASE_STRIP = NO;
				DEBUG_INFORMATION_FORMAT = dwarf;
				ENABLE_STRICT_OBJC_MSGSEND = YES;
				ENABLE_TESTABILITY = YES;
				GCC_C_LANGUAGE_STANDARD = gnu11;
				GCC_DYNAMIC_NO_PIC = NO;
				GCC_NO_COMMON_BLOCKS = YES;
				GCC_OPTIMIZATION_LEVEL = 0;
				GCC_PREPROCESSOR_DEFINITIONS = (
					"DEBUG=1",
					"$(inherited)",
				);
				GCC_WARN_64_TO_32_BIT_CONVERSION = YES;
				GCC_WARN_ABOUT_RETURN_TYPE = YES_ERROR;
				GCC_WARN_UNDECLARED_SELECTOR = YES;
				GCC_WARN_UNINITIALIZED_AUTOS = YES_AGGRESSIVE;
				GCC_WARN_UNUSED_FUNCTION = YES;
				GCC_WARN_UNUSED_VARIABLE = YES;
				IPHONEOS_DEPLOYMENT_TARGET = 13.4;
				MTL_ENABLE_DEBUG_INFO = INCLUDE_SOURCE;
				MTL_FAST_MATH = YES;
				ONLY_ACTIVE_ARCH = YES;
				SDKROOT = iphoneos;
				SWIFT_ACTIVE_COMPILATION_CONDITIONS = DEBUG;
				SWIFT_OPTIMIZATION_LEVEL = "-Onone";
			};
			name = Debug;
		};
		C2EE1E712434C33F0062A944 /* Release */ = {
			isa = XCBuildConfiguration;
			buildSettings = {
				ALWAYS_SEARCH_USER_PATHS = NO;
				CLANG_ANALYZER_NONNULL = YES;
				CLANG_ANALYZER_NUMBER_OBJECT_CONVERSION = YES_AGGRESSIVE;
				CLANG_CXX_LANGUAGE_STANDARD = "gnu++14";
				CLANG_CXX_LIBRARY = "libc++";
				CLANG_ENABLE_MODULES = YES;
				CLANG_ENABLE_OBJC_ARC = YES;
				CLANG_ENABLE_OBJC_WEAK = YES;
				CLANG_WARN_BLOCK_CAPTURE_AUTORELEASING = YES;
				CLANG_WARN_BOOL_CONVERSION = YES;
				CLANG_WARN_COMMA = YES;
				CLANG_WARN_CONSTANT_CONVERSION = YES;
				CLANG_WARN_DEPRECATED_OBJC_IMPLEMENTATIONS = YES;
				CLANG_WARN_DIRECT_OBJC_ISA_USAGE = YES_ERROR;
				CLANG_WARN_DOCUMENTATION_COMMENTS = YES;
				CLANG_WARN_EMPTY_BODY = YES;
				CLANG_WARN_ENUM_CONVERSION = YES;
				CLANG_WARN_INFINITE_RECURSION = YES;
				CLANG_WARN_INT_CONVERSION = YES;
				CLANG_WARN_NON_LITERAL_NULL_CONVERSION = YES;
				CLANG_WARN_OBJC_IMPLICIT_RETAIN_SELF = YES;
				CLANG_WARN_OBJC_LITERAL_CONVERSION = YES;
				CLANG_WARN_OBJC_ROOT_CLASS = YES_ERROR;
				CLANG_WARN_RANGE_LOOP_ANALYSIS = YES;
				CLANG_WARN_STRICT_PROTOTYPES = YES;
				CLANG_WARN_SUSPICIOUS_MOVE = YES;
				CLANG_WARN_UNGUARDED_AVAILABILITY = YES_AGGRESSIVE;
				CLANG_WARN_UNREACHABLE_CODE = YES;
				CLANG_WARN__DUPLICATE_METHOD_MATCH = YES;
				COPY_PHASE_STRIP = NO;
				DEBUG_INFORMATION_FORMAT = "dwarf-with-dsym";
				ENABLE_NS_ASSERTIONS = NO;
				ENABLE_STRICT_OBJC_MSGSEND = YES;
				GCC_C_LANGUAGE_STANDARD = gnu11;
				GCC_NO_COMMON_BLOCKS = YES;
				GCC_WARN_64_TO_32_BIT_CONVERSION = YES;
				GCC_WARN_ABOUT_RETURN_TYPE = YES_ERROR;
				GCC_WARN_UNDECLARED_SELECTOR = YES;
				GCC_WARN_UNINITIALIZED_AUTOS = YES_AGGRESSIVE;
				GCC_WARN_UNUSED_FUNCTION = YES;
				GCC_WARN_UNUSED_VARIABLE = YES;
				IPHONEOS_DEPLOYMENT_TARGET = 13.4;
				MTL_ENABLE_DEBUG_INFO = NO;
				MTL_FAST_MATH = YES;
				SDKROOT = iphoneos;
				SWIFT_COMPILATION_MODE = wholemodule;
				SWIFT_OPTIMIZATION_LEVEL = "-O";
				VALIDATE_PRODUCT = YES;
			};
			name = Release;
		};
		C2EE1E732434C33F0062A944 /* Debug */ = {
			isa = XCBuildConfiguration;
			buildSettings = {
				ASSETCATALOG_COMPILER_APPICON_NAME = AppIcon;
				CODE_SIGN_STYLE = Automatic;
				DEVELOPMENT_ASSET_PATHS = "\"unique_app/Preview Content\"";
				DEVELOPMENT_TEAM = QKKPLHJBYM;
				ENABLE_PREVIEWS = YES;
				INFOPLIST_FILE = unique_app/Info.plist;
				IPHONEOS_DEPLOYMENT_TARGET = 13.0;
				LD_RUNPATH_SEARCH_PATHS = (
					"$(inherited)",
					"@executable_path/Frameworks",
				);
				PRODUCT_BUNDLE_IDENTIFIER = "validata.app.unique-app";
				PRODUCT_NAME = "$(TARGET_NAME)";
				SWIFT_VERSION = 5.0;
				TARGETED_DEVICE_FAMILY = "1,2";
			};
			name = Debug;
		};
		C2EE1E742434C33F0062A944 /* Release */ = {
			isa = XCBuildConfiguration;
			buildSettings = {
				ASSETCATALOG_COMPILER_APPICON_NAME = AppIcon;
				CODE_SIGN_STYLE = Automatic;
				DEVELOPMENT_ASSET_PATHS = "\"unique_app/Preview Content\"";
				DEVELOPMENT_TEAM = QKKPLHJBYM;
				ENABLE_PREVIEWS = YES;
				INFOPLIST_FILE = unique_app/Info.plist;
				IPHONEOS_DEPLOYMENT_TARGET = 13.0;
				LD_RUNPATH_SEARCH_PATHS = (
					"$(inherited)",
					"@executable_path/Frameworks",
				);
				PRODUCT_BUNDLE_IDENTIFIER = "validata.app.unique-app";
				PRODUCT_NAME = "$(TARGET_NAME)";
				SWIFT_VERSION = 5.0;
				TARGETED_DEVICE_FAMILY = "1,2";
			};
			name = Release;
		};
		C2EE1E762434C33F0062A944 /* Debug */ = {
			isa = XCBuildConfiguration;
			buildSettings = {
				ALWAYS_EMBED_SWIFT_STANDARD_LIBRARIES = YES;
				BUNDLE_LOADER = "$(TEST_HOST)";
				CODE_SIGN_STYLE = Automatic;
				DEVELOPMENT_TEAM = QKKPLHJBYM;
				INFOPLIST_FILE = unique_appTests/Info.plist;
				IPHONEOS_DEPLOYMENT_TARGET = 13.4;
				LD_RUNPATH_SEARCH_PATHS = (
					"$(inherited)",
					"@executable_path/Frameworks",
					"@loader_path/Frameworks",
				);
				PRODUCT_BUNDLE_IDENTIFIER = "validata.app.unique-appTests";
				PRODUCT_NAME = "$(TARGET_NAME)";
				SWIFT_VERSION = 5.0;
				TARGETED_DEVICE_FAMILY = "1,2";
				TEST_HOST = "$(BUILT_PRODUCTS_DIR)/unique_app.app/unique_app";
			};
			name = Debug;
		};
		C2EE1E772434C33F0062A944 /* Release */ = {
			isa = XCBuildConfiguration;
			buildSettings = {
				ALWAYS_EMBED_SWIFT_STANDARD_LIBRARIES = YES;
				BUNDLE_LOADER = "$(TEST_HOST)";
				CODE_SIGN_STYLE = Automatic;
				DEVELOPMENT_TEAM = QKKPLHJBYM;
				INFOPLIST_FILE = unique_appTests/Info.plist;
				IPHONEOS_DEPLOYMENT_TARGET = 13.4;
				LD_RUNPATH_SEARCH_PATHS = (
					"$(inherited)",
					"@executable_path/Frameworks",
					"@loader_path/Frameworks",
				);
				PRODUCT_BUNDLE_IDENTIFIER = "validata.app.unique-appTests";
				PRODUCT_NAME = "$(TARGET_NAME)";
				SWIFT_VERSION = 5.0;
				TARGETED_DEVICE_FAMILY = "1,2";
				TEST_HOST = "$(BUILT_PRODUCTS_DIR)/unique_app.app/unique_app";
			};
			name = Release;
		};
		C2EE1E792434C33F0062A944 /* Debug */ = {
			isa = XCBuildConfiguration;
			buildSettings = {
				ALWAYS_EMBED_SWIFT_STANDARD_LIBRARIES = YES;
				CODE_SIGN_STYLE = Automatic;
				DEVELOPMENT_TEAM = QKKPLHJBYM;
				INFOPLIST_FILE = unique_appUITests/Info.plist;
				LD_RUNPATH_SEARCH_PATHS = (
					"$(inherited)",
					"@executable_path/Frameworks",
					"@loader_path/Frameworks",
				);
				PRODUCT_BUNDLE_IDENTIFIER = "validata.app.unique-appUITests";
				PRODUCT_NAME = "$(TARGET_NAME)";
				SWIFT_VERSION = 5.0;
				TARGETED_DEVICE_FAMILY = "1,2";
				TEST_TARGET_NAME = unique_app;
			};
			name = Debug;
		};
		C2EE1E7A2434C33F0062A944 /* Release */ = {
			isa = XCBuildConfiguration;
			buildSettings = {
				ALWAYS_EMBED_SWIFT_STANDARD_LIBRARIES = YES;
				CODE_SIGN_STYLE = Automatic;
				DEVELOPMENT_TEAM = QKKPLHJBYM;
				INFOPLIST_FILE = unique_appUITests/Info.plist;
				LD_RUNPATH_SEARCH_PATHS = (
					"$(inherited)",
					"@executable_path/Frameworks",
					"@loader_path/Frameworks",
				);
				PRODUCT_BUNDLE_IDENTIFIER = "validata.app.unique-appUITests";
				PRODUCT_NAME = "$(TARGET_NAME)";
				SWIFT_VERSION = 5.0;
				TARGETED_DEVICE_FAMILY = "1,2";
				TEST_TARGET_NAME = unique_app;
			};
			name = Release;
		};
/* End XCBuildConfiguration section */

/* Begin XCConfigurationList section */
		C2EE1E432434C33D0062A944 /* Build configuration list for PBXProject "unique_app" */ = {
			isa = XCConfigurationList;
			buildConfigurations = (
				C2EE1E702434C33F0062A944 /* Debug */,
				C2EE1E712434C33F0062A944 /* Release */,
			);
			defaultConfigurationIsVisible = 0;
			defaultConfigurationName = Release;
		};
		C2EE1E722434C33F0062A944 /* Build configuration list for PBXNativeTarget "unique_app" */ = {
			isa = XCConfigurationList;
			buildConfigurations = (
				C2EE1E732434C33F0062A944 /* Debug */,
				C2EE1E742434C33F0062A944 /* Release */,
			);
			defaultConfigurationIsVisible = 0;
			defaultConfigurationName = Release;
		};
		C2EE1E752434C33F0062A944 /* Build configuration list for PBXNativeTarget "unique_appTests" */ = {
			isa = XCConfigurationList;
			buildConfigurations = (
				C2EE1E762434C33F0062A944 /* Debug */,
				C2EE1E772434C33F0062A944 /* Release */,
			);
			defaultConfigurationIsVisible = 0;
			defaultConfigurationName = Release;
		};
		C2EE1E782434C33F0062A944 /* Build configuration list for PBXNativeTarget "unique_appUITests" */ = {
			isa = XCConfigurationList;
			buildConfigurations = (
				C2EE1E792434C33F0062A944 /* Debug */,
				C2EE1E7A2434C33F0062A944 /* Release */,
			);
			defaultConfigurationIsVisible = 0;
			defaultConfigurationName = Release;
		};
/* End XCConfigurationList section */
	};
	rootObject = C2EE1E402434C33D0062A944 /* Project object */;
}
